
Microsoft Visual Studio Solution File, Format Version 12.00
# Visual Studio 15
Project("{FAE04EC0-301F-11D3-BF4B-00C04F79EFBC}") = "Assembly-CSharp", "Assembly-CSharp.csproj", "{D6F813FD-6C20-892F-4C5E-6F1A9D24D0E9}"
EndProject
Project("{FAE04EC0-301F-11D3-BF4B-00C04F79EFBC}") = "Assembly-CSharp-Editor", "Assembly-CSharp-Editor.csproj", "{3E1480C8-AD9C-0E6D-7007-767111CAEBAC}"
EndProject
Global
	GlobalSection(SolutionConfigurationPlatforms) = preSolution
		Debug|Any CPU = Debug|Any CPU
		Release|Any CPU = Release|Any CPU
	EndGlobalSection
	GlobalSection(ProjectConfigurationPlatforms) = postSolution
		{D6F813FD-6C20-892F-4C5E-6F1A9D24D0E9}.Debug|Any CPU.ActiveCfg = Debug|Any CPU
		{D6F813FD-6C20-892F-4C5E-6F1A9D24D0E9}.Debug|Any CPU.Build.0 = Debug|Any CPU
		{D6F813FD-6C20-892F-4C5E-6F1A9D24D0E9}.Release|Any CPU.ActiveCfg = Release|Any CPU
		{D6F813FD-6C20-892F-4C5E-6F1A9D24D0E9}.Release|Any CPU.Build.0 = Release|Any CPU
		{3E1480C8-AD9C-0E6D-7007-767111CAEBAC}.Debug|Any CPU.ActiveCfg = Debug|Any CPU
		{3E1480C8-AD9C-0E6D-7007-767111CAEBAC}.Debug|Any CPU.Build.0 = Debug|Any CPU
		{3E1480C8-AD9C-0E6D-7007-767111CAEBAC}.Release|Any CPU.ActiveCfg = Release|Any CPU
		{3E1480C8-AD9C-0E6D-7007-767111CAEBAC}.Release|Any CPU.Build.0 = Release|Any CPU
	EndGlobalSection
	GlobalSection(SolutionProperties) = preSolution
		HideSolutionNode = FALSE
	EndGlobalSection
EndGlobal
